
Microsoft Visual Studio Solution File, Format Version 12.00
# Visual Studio Version 17
VisualStudioVersion = 17.8.34408.163
MinimumVisualStudioVersion = 10.0.40219.1
Project("{9A19103F-16F7-4668-BE54-9A1E7A4F7556}") = "Excel.Report.PDF", "Excel.Report.PDF\Excel.Report.PDF.csproj", "{F2480E1B-29A7-43AC-B93C-BD71B1AE3DC7}"
EndProject
Project("{9A19103F-16F7-4668-BE54-9A1E7A4F7556}") = "Test", "Test\Test\Test.csproj", "{72F8F7D9-BED5-4E2D-8FEE-03589B522063}"
EndProject
Project("{FAE04EC0-301F-11D3-BF4B-00C04F79EFBC}") = "Excel.Report.PrintDocument", "Excel.Report.PrintDocument\Excel.Report.PrintDocument.csproj", "{A434B66F-0009-E1E9-85C6-AFDC22DF26DF}"
EndProject
Project("{FAE04EC0-301F-11D3-BF4B-00C04F79EFBC}") = "TestWinFormsApp", "TestWinFormsApp\TestWinFormsApp.csproj", "{5A4D072A-1A09-4E49-9DFA-396B53B00E7C}"
EndProject
Global
	GlobalSection(SolutionConfigurationPlatforms) = preSolution
		Debug|Any CPU = Debug|Any CPU
		Release|Any CPU = Release|Any CPU
	EndGlobalSection
	GlobalSection(ProjectConfigurationPlatforms) = postSolution
		{F2480E1B-29A7-43AC-B93C-BD71B1AE3DC7}.Debug|Any CPU.ActiveCfg = Debug|Any CPU
		{F2480E1B-29A7-43AC-B93C-BD71B1AE3DC7}.Debug|Any CPU.Build.0 = Debug|Any CPU
		{F2480E1B-29A7-43AC-B93C-BD71B1AE3DC7}.Release|Any CPU.ActiveCfg = Release|Any CPU
		{F2480E1B-29A7-43AC-B93C-BD71B1AE3DC7}.Release|Any CPU.Build.0 = Release|Any CPU
		{72F8F7D9-BED5-4E2D-8FEE-03589B522063}.Debug|Any CPU.ActiveCfg = Debug|Any CPU
		{72F8F7D9-BED5-4E2D-8FEE-03589B522063}.Debug|Any CPU.Build.0 = Debug|Any CPU
		{72F8F7D9-BED5-4E2D-8FEE-03589B522063}.Release|Any CPU.ActiveCfg = Release|Any CPU
		{72F8F7D9-BED5-4E2D-8FEE-03589B522063}.Release|Any CPU.Build.0 = Release|Any CPU
		{A434B66F-0009-E1E9-85C6-AFDC22DF26DF}.Debug|Any CPU.ActiveCfg = Debug|Any CPU
		{A434B66F-0009-E1E9-85C6-AFDC22DF26DF}.Debug|Any CPU.Build.0 = Debug|Any CPU
		{A434B66F-0009-E1E9-85C6-AFDC22DF26DF}.Release|Any CPU.ActiveCfg = Release|Any CPU
		{A434B66F-0009-E1E9-85C6-AFDC22DF26DF}.Release|Any CPU.Build.0 = Release|Any CPU
		{5A4D072A-1A09-4E49-9DFA-396B53B00E7C}.Debug|Any CPU.ActiveCfg = Debug|Any CPU
		{5A4D072A-1A09-4E49-9DFA-396B53B00E7C}.Debug|Any CPU.Build.0 = Debug|Any CPU
		{5A4D072A-1A09-4E49-9DFA-396B53B00E7C}.Release|Any CPU.ActiveCfg = Release|Any CPU
		{5A4D072A-1A09-4E49-9DFA-396B53B00E7C}.Release|Any CPU.Build.0 = Release|Any CPU
	EndGlobalSection
	GlobalSection(SolutionProperties) = preSolution
		HideSolutionNode = FALSE
	EndGlobalSection
	GlobalSection(ExtensibilityGlobals) = postSolution
		SolutionGuid = {3B2C5453-3B55-40F7-B8AA-08AFA42500C6}
	EndGlobalSection
EndGlobal
